# Generated by buf. DO NOT EDIT.
version: v2
deps:
  - name: buf.build/bufbuild/protovalidate
    commit: 435963d1631043e694e56e6bcc3c79c3
    digest: b5:f4ea07ad2dd94bd7243562f9908b9fb104feef8076040c89d9f7c1dedc074de4d4ce2b997686ef4400f3eccb765a7cfc20ed4acdd70b9a3699351245c61dba97
  - name: buf.build/googleapis/googleapis
    commit: 61b203b9a9164be9a834f58c37be6f62
    digest: b5:7811a98b35bd2e4ae5c3ac73c8b3d9ae429f3a790da15de188dc98fc2b77d6bb10e45711f14903af9553fa9821dff256054f2e4b7795789265bc476bec2f088c
  - name: buf.build/grpc-ecosystem/grpc-gateway
    commit: 4836b6d552304e1bbe47e66a523f0daa
    digest: b5:c3fefd4d3dfa9b0478bbb1a4ad87d7b38146e3ce6eff4214e32f2c5834c2e4afc3be218316f0fbd53e925a001c3ed1e2fc99fb76b3121ede642989f0d0d7c71c
